# Copyright (c) 2025 Jonathan Fontanez
# SPDX-License-Identifier: BUSL-1.1
#
# AUTOGENERATED BY `streamlib generate`. DO NOT EDIT BY HAND.
#
# This lockfile pins resolved package versions + content hashes so a fresh
# checkout reconstructs the same generated bindings byte-for-byte.
# Commit it in applications and examples; don't commit it in publishable
# libraries (they inherit their consumer's lock).
version: 1
packages:
  '@tatolab/core':
    version: 1.0.0
    source:
      kind: path
      path: ../../packages/core
    content_hash: sha256:66793bc49db3792713f9d6c06be36733a93fea700a20e1e9543a939da0615de4
  '@tatolab/escalate':
    version: 1.0.0
    source:
      kind: path
      path: ../../packages/escalate
    content_hash: sha256:ffda04fba5d6dd4ca00c3a7145e1f40e0f85490010664d5d2ae915d1a9be837c
