# Copyright (c) 2025 Jonathan Fontanez
# SPDX-License-Identifier: BUSL-1.1
#
# AUTOGENERATED BY `streamlib generate`. DO NOT EDIT BY HAND.
#
# This lockfile pins resolved package versions + content hashes so a fresh
# checkout reconstructs the same generated bindings byte-for-byte.
# Commit it in applications and examples; don't commit it in publishable
# libraries (they inherit their consumer's lock).
version: 1
packages:
  '@tatolab/core':
    version: 1.0.0
    source:
      kind: path
      path: ../../packages/core
    content_hash: sha256:2f2723b519777976a052f85d09659c4532e1329014d16bb7f55b2f51d4c07a36
