# Copyright (c) 2025 Jonathan Fontanez
# SPDX-License-Identifier: BUSL-1.1
#
# AUTOGENERATED BY `streamlib generate`. DO NOT EDIT BY HAND.
#
# This lockfile pins resolved package versions + content hashes so a fresh
# checkout reconstructs the same generated bindings byte-for-byte.
# Commit it in applications and examples; don't commit it in publishable
# libraries (they inherit their consumer's lock).
version: 1
packages:
  '@tatolab/core':
    version: 1.0.0
    source:
      kind: path
      path: ../../packages/core
    content_hash: sha256:1fdf80419f35916910f01935ee4b1905333b7e70b0034a5917235b491f05a3f0
